// !$*UTF8*$!
{
	archiveVersion = 1;
	classes = {
	};
	objectVersion = 50;
	objects = {

/* Begin PBXBuildFile section */
		6E39FE69638A6B2C34165C63 /* libPods-Running.a in Frameworks */ = {isa = PBXBuildFile; fileRef = 8A9E24764228F21BD9896A82 /* libPods-Running.a */; };
		EC14BBEC20A3D6D80012D615 /* HistoryOneDayView.m in Sources */ = {isa = PBXBuildFile; fileRef = EC14BBEB20A3D6D80012D615 /* HistoryOneDayView.m */; };
		EC14BBF820A3E7D10012D615 /* XYMenuItem.m in Sources */ = {isa = PBXBuildFile; fileRef = EC14BBEE20A3E7D00012D615 /* XYMenuItem.m */; };
		EC14BBF920A3E7D10012D615 /* UIBarButtonItem+XYMenu.m in Sources */ = {isa = PBXBuildFile; fileRef = EC14BBF020A3E7D00012D615 /* UIBarButtonItem+XYMenu.m */; };
		EC14BBFA20A3E7D10012D615 /* XYMenu.m in Sources */ = {isa = PBXBuildFile; fileRef = EC14BBF220A3E7D00012D615 /* XYMenu.m */; };
		EC14BBFB20A3E7D10012D615 /* XYMenuView.m in Sources */ = {isa = PBXBuildFile; fileRef = EC14BBF620A3E7D10012D615 /* XYMenuView.m */; };
		EC14BBFC20A3E7D10012D615 /* UIView+XYMenu.m in Sources */ = {isa = PBXBuildFile; fileRef = EC14BBF720A3E7D10012D615 /* UIView+XYMenu.m */; };
		EC14BC0120A418CE0012D615 /* runback.png in Resources */ = {isa = PBXBuildFile; fileRef = EC14BC0020A418CE0012D615 /* runback.png */; };
		EC14BC0520A42BA50012D615 /* failure.png in Resources */ = {isa = PBXBuildFile; fileRef = EC14BC0220A42BA50012D615 /* failure.png */; };
		EC14BC0620A42BA50012D615 /* happyp.png in Resources */ = {isa = PBXBuildFile; fileRef = EC14BC0320A42BA50012D615 /* happyp.png */; };
		EC14BC0720A42BA50012D615 /* happy.png in Resources */ = {isa = PBXBuildFile; fileRef = EC14BC0420A42BA50012D615 /* happy.png */; };
		EC1D9FA220A2814E004219DD /* HealthKitManager.m in Sources */ = {isa = PBXBuildFile; fileRef = EC1D9FA120A2814E004219DD /* HealthKitManager.m */; };
		EC1D9FA820A28254004219DD /* HKHealthStore+Extensisons.m in Sources */ = {isa = PBXBuildFile; fileRef = EC1D9FA720A28254004219DD /* HKHealthStore+Extensisons.m */; };
		EC1D9FAC20A2C4B2004219DD /* FMDBManager.m in Sources */ = {isa = PBXBuildFile; fileRef = EC1D9FAB20A2C4B2004219DD /* FMDBManager.m */; };
		EC1D9FAF20A2C6D2004219DD /* HealthModel.m in Sources */ = {isa = PBXBuildFile; fileRef = EC1D9FAE20A2C6D2004219DD /* HealthModel.m */; };
		EC1D9FB120A2DF9C004219DD /* DateManager.swift in Sources */ = {isa = PBXBuildFile; fileRef = EC1D9FB020A2DF9B004219DD /* DateManager.swift */; };
		EC1D9FB820A2E4BF004219DD /* HistoryTableViewCell.m in Sources */ = {isa = PBXBuildFile; fileRef = EC1D9FB620A2E4BF004219DD /* HistoryTableViewCell.m */; };
		EC1D9FBC20A2F6A5004219DD /* HealthDetailsViewController.m in Sources */ = {isa = PBXBuildFile; fileRef = EC1D9FBB20A2F6A5004219DD /* HealthDetailsViewController.m */; };
		ECE60F9E20A02F0400289779 /* AppDelegate.m in Sources */ = {isa = PBXBuildFile; fileRef = ECE60F9D20A02F0400289779 /* AppDelegate.m */; };
		ECE60FA620A02F0600289779 /* Assets.xcassets in Resources */ = {isa = PBXBuildFile; fileRef = ECE60FA520A02F0600289779 /* Assets.xcassets */; };
		ECE60FA920A02F0600289779 /* LaunchScreen.storyboard in Resources */ = {isa = PBXBuildFile; fileRef = ECE60FA720A02F0600289779 /* LaunchScreen.storyboard */; };
		ECE60FAC20A02F0600289779 /* main.m in Sources */ = {isa = PBXBuildFile; fileRef = ECE60FAB20A02F0600289779 /* main.m */; };
		ECE60FB620A02F0600289779 /* RunningTests.m in Sources */ = {isa = PBXBuildFile; fileRef = ECE60FB520A02F0600289779 /* RunningTests.m */; };
		ECE60FC120A02F0600289779 /* RunningUITests.m in Sources */ = {isa = PBXBuildFile; fileRef = ECE60FC020A02F0600289779 /* RunningUITests.m */; };
		ECF49E9320A13A3600E33A19 /* UIImage+Extension.m in Sources */ = {isa = PBXBuildFile; fileRef = ECF49E8F20A13A3600E33A19 /* UIImage+Extension.m */; };
		ECF49E9420A13A3600E33A19 /* UIView+Extension.m in Sources */ = {isa = PBXBuildFile; fileRef = ECF49E9220A13A3600E33A19 /* UIView+Extension.m */; };
		ECF49E9720A13A5D00E33A19 /* SportViewController.m in Sources */ = {isa = PBXBuildFile; fileRef = ECF49E9520A13A5D00E33A19 /* SportViewController.m */; };
		ECF49E9A20A13A6E00E33A19 /* HistoryViewController.m in Sources */ = {isa = PBXBuildFile; fileRef = ECF49E9920A13A6E00E33A19 /* HistoryViewController.m */; };
		ECF49EA220A13A9100E33A19 /* MyNavgationViewController.m in Sources */ = {isa = PBXBuildFile; fileRef = ECF49E9C20A13A9000E33A19 /* MyNavgationViewController.m */; };
		ECF49EA320A13A9100E33A19 /* GuidePageViewController.m in Sources */ = {isa = PBXBuildFile; fileRef = ECF49E9F20A13A9100E33A19 /* GuidePageViewController.m */; };
		ECF49EA420A13A9100E33A19 /* TabBarViewController.m in Sources */ = {isa = PBXBuildFile; fileRef = ECF49EA120A13A9100E33A19 /* TabBarViewController.m */; };
		ECF49EA720A13E2000E33A19 /* ArcProgress.m in Sources */ = {isa = PBXBuildFile; fileRef = ECF49EA620A13E2000E33A19 /* ArcProgress.m */; };
		ECF49EAD20A1776A00E33A19 /* MyTextFiledView.m in Sources */ = {isa = PBXBuildFile; fileRef = ECF49EAC20A1776A00E33A19 /* MyTextFiledView.m */; };
		ECF49EB020A17B7100E33A19 /* CustomMyPickerView.m in Sources */ = {isa = PBXBuildFile; fileRef = ECF49EAF20A17B7100E33A19 /* CustomMyPickerView.m */; };
		ECF49EB420A188D900E33A19 /* MyUserDefaults.m in Sources */ = {isa = PBXBuildFile; fileRef = ECF49EB320A188D900E33A19 /* MyUserDefaults.m */; };
		ECF49EB720A1900D00E33A19 /* BottomView.m in Sources */ = {isa = PBXBuildFile; fileRef = ECF49EB620A1900D00E33A19 /* BottomView.m */; };
		ECF49EBA20A19FAE00E33A19 /* HealthKit.framework in Frameworks */ = {isa = PBXBuildFile; fileRef = ECF49EB920A19FAD00E33A19 /* HealthKit.framework */; };
/* End PBXBuildFile section */

/* Begin PBXContainerItemProxy section */
		ECE60FB220A02F0600289779 /* PBXContainerItemProxy */ = {
			isa = PBXContainerItemProxy;
			containerPortal = ECE60F9120A02F0400289779 /* Project object */;
			proxyType = 1;
			remoteGlobalIDString = ECE60F9820A02F0400289779;
			remoteInfo = Running;
		};
		ECE60FBD20A02F0600289779 /* PBXContainerItemProxy */ = {
			isa = PBXContainerItemProxy;
			containerPortal = ECE60F9120A02F0400289779 /* Project object */;
			proxyType = 1;
			remoteGlobalIDString = ECE60F9820A02F0400289779;
			remoteInfo = Running;
		};
/* End PBXContainerItemProxy section */

/* Begin PBXFileReference section */
		279A3C50D1B4381AD2EE95B7 /* Pods-Running.debug.xcconfig */ = {isa = PBXFileReference; includeInIndex = 1; lastKnownFileType = text.xcconfig; name = "Pods-Running.debug.xcconfig"; path = "Pods/Target Support Files/Pods-Running/Pods-Running.debug.xcconfig"; sourceTree = "<group>"; };
		8A9E24764228F21BD9896A82 /* libPods-Running.a */ = {isa = PBXFileReference; explicitFileType = archive.ar; includeInIndex = 0; path = "libPods-Running.a"; sourceTree = BUILT_PRODUCTS_DIR; };
		E352200FF87E398D96229911 /* Pods-Running.release.xcconfig */ = {isa = PBXFileReference; includeInIndex = 1; lastKnownFileType = text.xcconfig; name = "Pods-Running.release.xcconfig"; path = "Pods/Target Support Files/Pods-Running/Pods-Running.release.xcconfig"; sourceTree = "<group>"; };
		EC14BBEA20A3D6D80012D615 /* HistoryOneDayView.h */ = {isa = PBXFileReference; lastKnownFileType = sourcecode.c.h; path = HistoryOneDayView.h; sourceTree = "<group>"; };
		EC14BBEB20A3D6D80012D615 /* HistoryOneDayView.m */ = {isa = PBXFileReference; lastKnownFileType = sourcecode.c.objc; path = HistoryOneDayView.m; sourceTree = "<group>"; };
		EC14BBEE20A3E7D00012D615 /* XYMenuItem.m */ = {isa = PBXFileReference; fileEncoding = 4; lastKnownFileType = sourcecode.c.objc; path = XYMenuItem.m; sourceTree = "<group>"; };
		EC14BBEF20A3E7D00012D615 /* XYMenuItem.h */ = {isa = PBXFileReference; fileEncoding = 4; lastKnownFileType = sourcecode.c.h; path = XYMenuItem.h; sourceTree = "<group>"; };
		EC14BBF020A3E7D00012D615 /* UIBarButtonItem+XYMenu.m */ = {isa = PBXFileReference; fileEncoding = 4; lastKnownFileType = sourcecode.c.objc; path = "UIBarButtonItem+XYMenu.m"; sourceTree = "<group>"; };
		EC14BBF120A3E7D00012D615 /* XYMenuView.h */ = {isa = PBXFileReference; fileEncoding = 4; lastKnownFileType = sourcecode.c.h; path = XYMenuView.h; sourceTree = "<group>"; };
		EC14BBF220A3E7D00012D615 /* XYMenu.m */ = {isa = PBXFileReference; fileEncoding = 4; lastKnownFileType = sourcecode.c.objc; path = XYMenu.m; sourceTree = "<group>"; };
		EC14BBF320A3E7D00012D615 /* UIBarButtonItem+XYMenu.h */ = {isa = PBXFileReference; fileEncoding = 4; lastKnownFileType = sourcecode.c.h; path = "UIBarButtonItem+XYMenu.h"; sourceTree = "<group>"; };
		EC14BBF420A3E7D00012D615 /* UIView+XYMenu.h */ = {isa = PBXFileReference; fileEncoding = 4; lastKnownFileType = sourcecode.c.h; path = "UIView+XYMenu.h"; sourceTree = "<group>"; };
		EC14BBF520A3E7D10012D615 /* XYMenu.h */ = {isa = PBXFileReference; fileEncoding = 4; lastKnownFileType = sourcecode.c.h; path = XYMenu.h; sourceTree = "<group>"; };
		EC14BBF620A3E7D10012D615 /* XYMenuView.m */ = {isa = PBXFileReference; fileEncoding = 4; lastKnownFileType = sourcecode.c.objc; path = XYMenuView.m; sourceTree = "<group>"; };
		EC14BBF720A3E7D10012D615 /* UIView+XYMenu.m */ = {isa = PBXFileReference; fileEncoding = 4; lastKnownFileType = sourcecode.c.objc; path = "UIView+XYMenu.m"; sourceTree = "<group>"; };
		EC14BC0020A418CE0012D615 /* runback.png */ = {isa = PBXFileReference; lastKnownFileType = image.png; path = runback.png; sourceTree = "<group>"; };
		EC14BC0220A42BA50012D615 /* failure.png */ = {isa = PBXFileReference; lastKnownFileType = image.png; path = failure.png; sourceTree = "<group>"; };
		EC14BC0320A42BA50012D615 /* happyp.png */ = {isa = PBXFileReference; lastKnownFileType = image.png; path = happyp.png; sourceTree = "<group>"; };
		EC14BC0420A42BA50012D615 /* happy.png */ = {isa = PBXFileReference; lastKnownFileType = image.png; path = happy.png; sourceTree = "<group>"; };
		EC1D9FA020A2814E004219DD /* HealthKitManager.h */ = {isa = PBXFileReference; lastKnownFileType = sourcecode.c.h; path = HealthKitManager.h; sourceTree = "<group>"; };
		EC1D9FA120A2814E004219DD /* HealthKitManager.m */ = {isa = PBXFileReference; lastKnownFileType = sourcecode.c.objc; path = HealthKitManager.m; sourceTree = "<group>"; };
		EC1D9FA620A28254004219DD /* HKHealthStore+Extensisons.h */ = {isa = PBXFileReference; lastKnownFileType = sourcecode.c.h; path = "HKHealthStore+Extensisons.h"; sourceTree = "<group>"; };
		EC1D9FA720A28254004219DD /* HKHealthStore+Extensisons.m */ = {isa = PBXFileReference; lastKnownFileType = sourcecode.c.objc; path = "HKHealthStore+Extensisons.m"; sourceTree = "<group>"; };
		EC1D9FAA20A2C4B2004219DD /* FMDBManager.h */ = {isa = PBXFileReference; lastKnownFileType = sourcecode.c.h; path = FMDBManager.h; sourceTree = "<group>"; };
		EC1D9FAB20A2C4B2004219DD /* FMDBManager.m */ = {isa = PBXFileReference; lastKnownFileType = sourcecode.c.objc; path = FMDBManager.m; sourceTree = "<group>"; };
		EC1D9FAD20A2C6D2004219DD /* HealthModel.h */ = {isa = PBXFileReference; lastKnownFileType = sourcecode.c.h; path = HealthModel.h; sourceTree = "<group>"; };
		EC1D9FAE20A2C6D2004219DD /* HealthModel.m */ = {isa = PBXFileReference; lastKnownFileType = sourcecode.c.objc; path = HealthModel.m; sourceTree = "<group>"; };
		EC1D9FB020A2DF9B004219DD /* DateManager.swift */ = {isa = PBXFileReference; lastKnownFileType = sourcecode.swift; path = DateManager.swift; sourceTree = "<group>"; };
		EC1D9FB520A2E4BF004219DD /* HistoryTableViewCell.h */ = {isa = PBXFileReference; lastKnownFileType = sourcecode.c.h; path = HistoryTableViewCell.h; sourceTree = "<group>"; };
		EC1D9FB620A2E4BF004219DD /* HistoryTableViewCell.m */ = {isa = PBXFileReference; lastKnownFileType = sourcecode.c.objc; path = HistoryTableViewCell.m; sourceTree = "<group>"; };
		EC1D9FBA20A2F6A5004219DD /* HealthDetailsViewController.h */ = {isa = PBXFileReference; lastKnownFileType = sourcecode.c.h; path = HealthDetailsViewController.h; sourceTree = "<group>"; };
		EC1D9FBB20A2F6A5004219DD /* HealthDetailsViewController.m */ = {isa = PBXFileReference; lastKnownFileType = sourcecode.c.objc; path = HealthDetailsViewController.m; sourceTree = "<group>"; };
		EC8AA2AD20A0574800BB474A /* PrefixHeader.pch */ = {isa = PBXFileReference; lastKnownFileType = sourcecode.c.h; path = PrefixHeader.pch; sourceTree = "<group>"; };
		ECE60F9920A02F0400289779 /* Running.app */ = {isa = PBXFileReference; explicitFileType = wrapper.application; includeInIndex = 0; path = Running.app; sourceTree = BUILT_PRODUCTS_DIR; };
		ECE60F9C20A02F0400289779 /* AppDelegate.h */ = {isa = PBXFileReference; lastKnownFileType = sourcecode.c.h; path = AppDelegate.h; sourceTree = "<group>"; };
		ECE60F9D20A02F0400289779 /* AppDelegate.m */ = {isa = PBXFileReference; lastKnownFileType = sourcecode.c.objc; path = AppDelegate.m; sourceTree = "<group>"; };
		ECE60FA520A02F0600289779 /* Assets.xcassets */ = {isa = PBXFileReference; lastKnownFileType = folder.assetcatalog; path = Assets.xcassets; sourceTree = "<group>"; };
		ECE60FA820A02F0600289779 /* Base */ = {isa = PBXFileReference; lastKnownFileType = file.storyboard; name = Base; path = Base.lproj/LaunchScreen.storyboard; sourceTree = "<group>"; };
		ECE60FAA20A02F0600289779 /* Info.plist */ = {isa = PBXFileReference; lastKnownFileType = text.plist.xml; path = Info.plist; sourceTree = "<group>"; };
		ECE60FAB20A02F0600289779 /* main.m */ = {isa = PBXFileReference; lastKnownFileType = sourcecode.c.objc; path = main.m; sourceTree = "<group>"; };
		ECE60FB120A02F0600289779 /* RunningTests.xctest */ = {isa = PBXFileReference; explicitFileType = wrapper.cfbundle; includeInIndex = 0; path = RunningTests.xctest; sourceTree = BUILT_PRODUCTS_DIR; };
		ECE60FB520A02F0600289779 /* RunningTests.m */ = {isa = PBXFileReference; lastKnownFileType = sourcecode.c.objc; path = RunningTests.m; sourceTree = "<group>"; };
		ECE60FB720A02F0600289779 /* Info.plist */ = {isa = PBXFileReference; lastKnownFileType = text.plist.xml; path = Info.plist; sourceTree = "<group>"; };
		ECE60FBC20A02F0600289779 /* RunningUITests.xctest */ = {isa = PBXFileReference; explicitFileType = wrapper.cfbundle; includeInIndex = 0; path = RunningUITests.xctest; sourceTree = BUILT_PRODUCTS_DIR; };
		ECE60FC020A02F0600289779 /* RunningUITests.m */ = {isa = PBXFileReference; lastKnownFileType = sourcecode.c.objc; path = RunningUITests.m; sourceTree = "<group>"; };
		ECE60FC220A02F0600289779 /* Info.plist */ = {isa = PBXFileReference; lastKnownFileType = text.plist.xml; path = Info.plist; sourceTree = "<group>"; };
		ECF49E8F20A13A3600E33A19 /* UIImage+Extension.m */ = {isa = PBXFileReference; fileEncoding = 4; lastKnownFileType = sourcecode.c.objc; path = "UIImage+Extension.m"; sourceTree = "<group>"; };
		ECF49E9020A13A3600E33A19 /* UIImage+Extension.h */ = {isa = PBXFileReference; fileEncoding = 4; lastKnownFileType = sourcecode.c.h; path = "UIImage+Extension.h"; sourceTree = "<group>"; };
		ECF49E9120A13A3600E33A19 /* UIView+Extension.h */ = {isa = PBXFileReference; fileEncoding = 4; lastKnownFileType = sourcecode.c.h; path = "UIView+Extension.h"; sourceTree = "<group>"; };
		ECF49E9220A13A3600E33A19 /* UIView+Extension.m */ = {isa = PBXFileReference; fileEncoding = 4; lastKnownFileType = sourcecode.c.objc; path = "UIView+Extension.m"; sourceTree = "<group>"; };
		ECF49E9520A13A5D00E33A19 /* SportViewController.m */ = {isa = PBXFileReference; fileEncoding = 4; lastKnownFileType = sourcecode.c.objc; path = SportViewController.m; sourceTree = "<group>"; };
		ECF49E9620A13A5D00E33A19 /* SportViewController.h */ = {isa = PBXFileReference; fileEncoding = 4; lastKnownFileType = sourcecode.c.h; path = SportViewController.h; sourceTree = "<group>"; };
		ECF49E9820A13A6E00E33A19 /* HistoryViewController.h */ = {isa = PBXFileReference; fileEncoding = 4; lastKnownFileType = sourcecode.c.h; path = HistoryViewController.h; sourceTree = "<group>"; };
		ECF49E9920A13A6E00E33A19 /* HistoryViewController.m */ = {isa = PBXFileReference; fileEncoding = 4; lastKnownFileType = sourcecode.c.objc; path = HistoryViewController.m; sourceTree = "<group>"; };
		ECF49E9C20A13A9000E33A19 /* MyNavgationViewController.m */ = {isa = PBXFileReference; fileEncoding = 4; lastKnownFileType = sourcecode.c.objc; path = MyNavgationViewController.m; sourceTree = "<group>"; };
		ECF49E9D20A13A9000E33A19 /* TabBarViewController.h */ = {isa = PBXFileReference; fileEncoding = 4; lastKnownFileType = sourcecode.c.h; path = TabBarViewController.h; sourceTree = "<group>"; };
		ECF49E9E20A13A9100E33A19 /* GuidePageViewController.h */ = {isa = PBXFileReference; fileEncoding = 4; lastKnownFileType = sourcecode.c.h; path = GuidePageViewController.h; sourceTree = "<group>"; };
		ECF49E9F20A13A9100E33A19 /* GuidePageViewController.m */ = {isa = PBXFileReference; fileEncoding = 4; lastKnownFileType = sourcecode.c.objc; path = GuidePageViewController.m; sourceTree = "<group>"; };
		ECF49EA020A13A9100E33A19 /* MyNavgationViewController.h */ = {isa = PBXFileReference; fileEncoding = 4; lastKnownFileType = sourcecode.c.h; path = MyNavgationViewController.h; sourceTree = "<group>"; };
		ECF49EA120A13A9100E33A19 /* TabBarViewController.m */ = {isa = PBXFileReference; fileEncoding = 4; lastKnownFileType = sourcecode.c.objc; path = TabBarViewController.m; sourceTree = "<group>"; };
		ECF49EA520A13E2000E33A19 /* ArcProgress.h */ = {isa = PBXFileReference; lastKnownFileType = sourcecode.c.h; path = ArcProgress.h; sourceTree = "<group>"; };
		ECF49EA620A13E2000E33A19 /* ArcProgress.m */ = {isa = PBXFileReference; lastKnownFileType = sourcecode.c.objc; path = ArcProgress.m; sourceTree = "<group>"; };
		ECF49EAB20A1776A00E33A19 /* MyTextFiledView.h */ = {isa = PBXFileReference; lastKnownFileType = sourcecode.c.h; path = MyTextFiledView.h; sourceTree = "<group>"; };
		ECF49EAC20A1776A00E33A19 /* MyTextFiledView.m */ = {isa = PBXFileReference; lastKnownFileType = sourcecode.c.objc; path = MyTextFiledView.m; sourceTree = "<group>"; };
		ECF49EAE20A17B7100E33A19 /* CustomMyPickerView.h */ = {isa = PBXFileReference; lastKnownFileType = sourcecode.c.h; path = CustomMyPickerView.h; sourceTree = "<group>"; };
		ECF49EAF20A17B7100E33A19 /* CustomMyPickerView.m */ = {isa = PBXFileReference; lastKnownFileType = sourcecode.c.objc; path = CustomMyPickerView.m; sourceTree = "<group>"; };
		ECF49EB220A188D900E33A19 /* MyUserDefaults.h */ = {isa = PBXFileReference; lastKnownFileType = sourcecode.c.h; path = MyUserDefaults.h; sourceTree = "<group>"; };
		ECF49EB320A188D900E33A19 /* MyUserDefaults.m */ = {isa = PBXFileReference; lastKnownFileType = sourcecode.c.objc; path = MyUserDefaults.m; sourceTree = "<group>"; };
		ECF49EB520A1900D00E33A19 /* BottomView.h */ = {isa = PBXFileReference; lastKnownFileType = sourcecode.c.h; path = BottomView.h; sourceTree = "<group>"; };
		ECF49EB620A1900D00E33A19 /* BottomView.m */ = {isa = PBXFileReference; lastKnownFileType = sourcecode.c.objc; path = BottomView.m; sourceTree = "<group>"; };
		ECF49EB820A19FAD00E33A19 /* Running.entitlements */ = {isa = PBXFileReference; lastKnownFileType = text.plist.entitlements; path = Running.entitlements; sourceTree = "<group>"; };
		ECF49EB920A19FAD00E33A19 /* HealthKit.framework */ = {isa = PBXFileReference; lastKnownFileType = wrapper.framework; name = HealthKit.framework; path = System/Library/Frameworks/HealthKit.framework; sourceTree = SDKROOT; };
		ECF49EBE20A1A3B900E33A19 /* Running-Bridging-Header.h */ = {isa = PBXFileReference; lastKnownFileType = sourcecode.c.h; path = "Running-Bridging-Header.h"; sourceTree = "<group>"; };
/* End PBXFileReference section */

/* Begin PBXFrameworksBuildPhase section */
		ECE60F9620A02F0400289779 /* Frameworks */ = {
			isa = PBXFrameworksBuildPhase;
			buildActionMask = 2147483647;
			files = (
				6E39FE69638A6B2C34165C63 /* libPods-Running.a in Frameworks */,
				ECF49EBA20A19FAE00E33A19 /* HealthKit.framework in Frameworks */,
			);
			runOnlyForDeploymentPostprocessing = 0;
		};
		ECE60FAE20A02F0600289779 /* Frameworks */ = {
			isa = PBXFrameworksBuildPhase;
			buildActionMask = 2147483647;
			files = (
			);
			runOnlyForDeploymentPostprocessing = 0;
		};
		ECE60FB920A02F0600289779 /* Frameworks */ = {
			isa = PBXFrameworksBuildPhase;
			buildActionMask = 2147483647;
			files = (
			);
			runOnlyForDeploymentPostprocessing = 0;
		};
/* End PBXFrameworksBuildPhase section */

/* Begin PBXGroup section */
		68D61C40DC4026F84D70546E /* Frameworks */ = {
			isa = PBXGroup;
			children = (
				ECF49EB920A19FAD00E33A19 /* HealthKit.framework */,
				8A9E24764228F21BD9896A82 /* libPods-Running.a */,
			);
			name = Frameworks;
			sourceTree = "<group>";
		};
		EC14BBED20A3E7BF0012D615 /* Menu */ = {
			isa = PBXGroup;
			children = (
				EC14BBF320A3E7D00012D615 /* UIBarButtonItem+XYMenu.h */,
				EC14BBF020A3E7D00012D615 /* UIBarButtonItem+XYMenu.m */,
				EC14BBF420A3E7D00012D615 /* UIView+XYMenu.h */,
				EC14BBF720A3E7D10012D615 /* UIView+XYMenu.m */,
				EC14BBF520A3E7D10012D615 /* XYMenu.h */,
				EC14BBF220A3E7D00012D615 /* XYMenu.m */,
				EC14BBEF20A3E7D00012D615 /* XYMenuItem.h */,
				EC14BBEE20A3E7D00012D615 /* XYMenuItem.m */,
				EC14BBF120A3E7D00012D615 /* XYMenuView.h */,
				EC14BBF620A3E7D10012D615 /* XYMenuView.m */,
			);
			path = Menu;
			sourceTree = "<group>";
		};
		EC14BBFD20A410B90012D615 /* Image */ = {
			isa = PBXGroup;
			children = (
				EC14BC0220A42BA50012D615 /* failure.png */,
				EC14BC0420A42BA50012D615 /* happy.png */,
				EC14BC0320A42BA50012D615 /* happyp.png */,
				EC14BC0020A418CE0012D615 /* runback.png */,
			);
			path = Image;
			sourceTree = "<group>";
		};
		EC1D9F9D20A280F0004219DD /* MyHealthKitManager */ = {
			isa = PBXGroup;
			children = (
				EC1D9FA020A2814E004219DD /* HealthKitManager.h */,
				EC1D9FA120A2814E004219DD /* HealthKitManager.m */,
				EC1D9FA620A28254004219DD /* HKHealthStore+Extensisons.h */,
				EC1D9FA720A28254004219DD /* HKHealthStore+Extensisons.m */,
			);
			path = MyHealthKitManager;
			sourceTree = "<group>";
		};
		EC1D9FA920A2C497004219DD /* MyFMDBManager */ = {
			isa = PBXGroup;
			children = (
				EC1D9FAA20A2C4B2004219DD /* FMDBManager.h */,
				EC1D9FAB20A2C4B2004219DD /* FMDBManager.m */,
			);
			path = MyFMDBManager;
			sourceTree = "<group>";
		};
		ECE60F9020A02F0400289779 = {
			isa = PBXGroup;
			children = (
				ECE60F9B20A02F0400289779 /* Running */,
				ECE60FB420A02F0600289779 /* RunningTests */,
				ECE60FBF20A02F0600289779 /* RunningUITests */,
				ECE60F9A20A02F0400289779 /* Products */,
				F24DBA369CA73B6DC80508CD /* Pods */,
				68D61C40DC4026F84D70546E /* Frameworks */,
			);
			sourceTree = "<group>";
		};
		ECE60F9A20A02F0400289779 /* Products */ = {
			isa = PBXGroup;
			children = (
				ECE60F9920A02F0400289779 /* Running.app */,
				ECE60FB120A02F0600289779 /* RunningTests.xctest */,
				ECE60FBC20A02F0600289779 /* RunningUITests.xctest */,
			);
			name = Products;
			sourceTree = "<group>";
		};
		ECE60F9B20A02F0400289779 /* Running */ = {
			isa = PBXGroup;
			children = (
				ECF49EB820A19FAD00E33A19 /* Running.entitlements */,
				ECF49EB120A188AE00E33A19 /* Global */,
				ECF49E8820A139DA00E33A19 /* Sports */,
				ECF49E8720A139D300E33A19 /* History */,
				ECF49E8620A139CB00E33A19 /* Other */,
				ECF49E8520A139B500E33A19 /* Nav */,
				ECE60F9C20A02F0400289779 /* AppDelegate.h */,
				ECE60F9D20A02F0400289779 /* AppDelegate.m */,
				ECE60FA520A02F0600289779 /* Assets.xcassets */,
				ECE60FA720A02F0600289779 /* LaunchScreen.storyboard */,
				ECE60FAA20A02F0600289779 /* Info.plist */,
				ECE60FAB20A02F0600289779 /* main.m */,
				EC8AA2AD20A0574800BB474A /* PrefixHeader.pch */,
			);
			path = Running;
			sourceTree = "<group>";
		};
		ECE60FB420A02F0600289779 /* RunningTests */ = {
			isa = PBXGroup;
			children = (
				ECE60FB520A02F0600289779 /* RunningTests.m */,
				ECE60FB720A02F0600289779 /* Info.plist */,
			);
			path = RunningTests;
			sourceTree = "<group>";
		};
		ECE60FBF20A02F0600289779 /* RunningUITests */ = {
			isa = PBXGroup;
			children = (
				ECE60FC020A02F0600289779 /* RunningUITests.m */,
				ECE60FC220A02F0600289779 /* Info.plist */,
			);
			path = RunningUITests;
			sourceTree = "<group>";
		};
		ECF49E8520A139B500E33A19 /* Nav */ = {
			isa = PBXGroup;
			children = (
				ECF49E9B20A13A7C00E33A19 /* Controller */,
			);
			path = Nav;
			sourceTree = "<group>";
		};
		ECF49E8620A139CB00E33A19 /* Other */ = {
			isa = PBXGroup;
			children = (
				ECF49E9020A13A3600E33A19 /* UIImage+Extension.h */,
				ECF49E8F20A13A3600E33A19 /* UIImage+Extension.m */,
				ECF49E9120A13A3600E33A19 /* UIView+Extension.h */,
				ECF49E9220A13A3600E33A19 /* UIView+Extension.m */,
			);
			path = Other;
			sourceTree = "<group>";
		};
		ECF49E8720A139D300E33A19 /* History */ = {
			isa = PBXGroup;
			children = (
				EC14BBED20A3E7BF0012D615 /* Menu */,
				ECF49E8E20A13A2000E33A19 /* View */,
				ECF49E8D20A13A1200E33A19 /* Model */,
				ECF49E8C20A13A0700E33A19 /* Controller */,
			);
			path = History;
			sourceTree = "<group>";
		};
		ECF49E8820A139DA00E33A19 /* Sports */ = {
			isa = PBXGroup;
			children = (
				ECF49E8B20A139F600E33A19 /* Model */,
				ECF49E8A20A139EE00E33A19 /* View */,
				ECF49E8920A139E600E33A19 /* Controller */,
			);
			path = Sports;
			sourceTree = "<group>";
		};
		ECF49E8920A139E600E33A19 /* Controller */ = {
			isa = PBXGroup;
			children = (
				ECF49E9620A13A5D00E33A19 /* SportViewController.h */,
				ECF49E9520A13A5D00E33A19 /* SportViewController.m */,
			);
			path = Controller;
			sourceTree = "<group>";
		};
		ECF49E8A20A139EE00E33A19 /* View */ = {
			isa = PBXGroup;
			children = (
				ECF49EA520A13E2000E33A19 /* ArcProgress.h */,
				ECF49EA620A13E2000E33A19 /* ArcProgress.m */,
				ECF49EAB20A1776A00E33A19 /* MyTextFiledView.h */,
				ECF49EAC20A1776A00E33A19 /* MyTextFiledView.m */,
				ECF49EAE20A17B7100E33A19 /* CustomMyPickerView.h */,
				ECF49EAF20A17B7100E33A19 /* CustomMyPickerView.m */,
				ECF49EB520A1900D00E33A19 /* BottomView.h */,
				ECF49EB620A1900D00E33A19 /* BottomView.m */,
			);
			path = View;
			sourceTree = "<group>";
		};
		ECF49E8B20A139F600E33A19 /* Model */ = {
			isa = PBXGroup;
			children = (
				EC1D9FAD20A2C6D2004219DD /* HealthModel.h */,
				EC1D9FAE20A2C6D2004219DD /* HealthModel.m */,
			);
			path = Model;
			sourceTree = "<group>";
		};
		ECF49E8C20A13A0700E33A19 /* Controller */ = {
			isa = PBXGroup;
			children = (
				ECF49E9820A13A6E00E33A19 /* HistoryViewController.h */,
				ECF49E9920A13A6E00E33A19 /* HistoryViewController.m */,
				EC1D9FBA20A2F6A5004219DD /* HealthDetailsViewController.h */,
				EC1D9FBB20A2F6A5004219DD /* HealthDetailsViewController.m */,
			);
			path = Controller;
			sourceTree = "<group>";
		};
		ECF49E8D20A13A1200E33A19 /* Model */ = {
			isa = PBXGroup;
			children = (
			);
			path = Model;
			sourceTree = "<group>";
		};
		ECF49E8E20A13A2000E33A19 /* View */ = {
			isa = PBXGroup;
			children = (
				EC1D9FB520A2E4BF004219DD /* HistoryTableViewCell.h */,
				EC1D9FB620A2E4BF004219DD /* HistoryTableViewCell.m */,
				EC14BBEA20A3D6D80012D615 /* HistoryOneDayView.h */,
				EC14BBEB20A3D6D80012D615 /* HistoryOneDayView.m */,
			);
			path = View;
			sourceTree = "<group>";
		};
		ECF49E9B20A13A7C00E33A19 /* Controller */ = {
			isa = PBXGroup;
			children = (
				ECF49E9E20A13A9100E33A19 /* GuidePageViewController.h */,
				ECF49E9F20A13A9100E33A19 /* GuidePageViewController.m */,
				ECF49EA020A13A9100E33A19 /* MyNavgationViewController.h */,
				ECF49E9C20A13A9000E33A19 /* MyNavgationViewController.m */,
				ECF49E9D20A13A9000E33A19 /* TabBarViewController.h */,
				ECF49EA120A13A9100E33A19 /* TabBarViewController.m */,
			);
			path = Controller;
			sourceTree = "<group>";
		};
		ECF49EB120A188AE00E33A19 /* Global */ = {
			isa = PBXGroup;
			children = (
				EC14BBFD20A410B90012D615 /* Image */,
				EC1D9FA920A2C497004219DD /* MyFMDBManager */,
				EC1D9F9D20A280F0004219DD /* MyHealthKitManager */,
				ECF49EB220A188D900E33A19 /* MyUserDefaults.h */,
				ECF49EB320A188D900E33A19 /* MyUserDefaults.m */,
				EC1D9FB020A2DF9B004219DD /* DateManager.swift */,
				ECF49EBE20A1A3B900E33A19 /* Running-Bridging-Header.h */,
			);
			path = Global;
			sourceTree = "<group>";
		};
		F24DBA369CA73B6DC80508CD /* Pods */ = {
			isa = PBXGroup;
			children = (
				279A3C50D1B4381AD2EE95B7 /* Pods-Running.debug.xcconfig */,
				E352200FF87E398D96229911 /* Pods-Running.release.xcconfig */,
			);
			name = Pods;
			sourceTree = "<group>";
		};
/* End PBXGroup section */

/* Begin PBXNativeTarget section */
		ECE60F9820A02F0400289779 /* Running */ = {
			isa = PBXNativeTarget;
			buildConfigurationList = ECE60FC520A02F0600289779 /* Build configuration list for PBXNativeTarget "Running" */;
			buildPhases = (
				185C60C3900B577EC84AF536 /* [CP] Check Pods Manifest.lock */,
				ECE60F9520A02F0400289779 /* Sources */,
				ECE60F9620A02F0400289779 /* Frameworks */,
				ECE60F9720A02F0400289779 /* Resources */,
			);
			buildRules = (
			);
			dependencies = (
			);
			name = Running;
			productName = Running;
			productReference = ECE60F9920A02F0400289779 /* Running.app */;
			productType = "com.apple.product-type.application";
		};
		ECE60FB020A02F0600289779 /* RunningTests */ = {
			isa = PBXNativeTarget;
			buildConfigurationList = ECE60FC820A02F0600289779 /* Build configuration list for PBXNativeTarget "RunningTests" */;
			buildPhases = (
				ECE60FAD20A02F0600289779 /* Sources */,
				ECE60FAE20A02F0600289779 /* Frameworks */,
				ECE60FAF20A02F0600289779 /* Resources */,
			);
			buildRules = (
			);
			dependencies = (
				ECE60FB320A02F0600289779 /* PBXTargetDependency */,
			);
			name = RunningTests;
			productName = RunningTests;
			productReference = ECE60FB120A02F0600289779 /* RunningTests.xctest */;
			productType = "com.apple.product-type.bundle.unit-test";
		};
		ECE60FBB20A02F0600289779 /* RunningUITests */ = {
			isa = PBXNativeTarget;
			buildConfigurationList = ECE60FCB20A02F0600289779 /* Build configuration list for PBXNativeTarget "RunningUITests" */;
			buildPhases = (
				ECE60FB820A02F0600289779 /* Sources */,
				ECE60FB920A02F0600289779 /* Frameworks */,
				ECE60FBA20A02F0600289779 /* Resources */,
			);
			buildRules = (
			);
			dependencies = (
				ECE60FBE20A02F0600289779 /* PBXTargetDependency */,
			);
			name = RunningUITests;
			productName = RunningUITests;
			productReference = ECE60FBC20A02F0600289779 /* RunningUITests.xctest */;
			productType = "com.apple.product-type.bundle.ui-testing";
		};
/* End PBXNativeTarget section */

/* Begin PBXProject section */
		ECE60F9120A02F0400289779 /* Project object */ = {
			isa = PBXProject;
			attributes = {
				LastUpgradeCheck = 0930;
				ORGANIZATIONNAME = 123;
				TargetAttributes = {
					ECE60F9820A02F0400289779 = {
						CreatedOnToolsVersion = 9.3;
						LastSwiftMigration = 0930;
						SystemCapabilities = {
							com.apple.HealthKit = {
								enabled = 1;
							};
						};
					};
					ECE60FB020A02F0600289779 = {
						CreatedOnToolsVersion = 9.3;
						TestTargetID = ECE60F9820A02F0400289779;
					};
					ECE60FBB20A02F0600289779 = {
						CreatedOnToolsVersion = 9.3;
						TestTargetID = ECE60F9820A02F0400289779;
					};
				};
			};
			buildConfigurationList = ECE60F9420A02F0400289779 /* Build configuration list for PBXProject "Running" */;
			compatibilityVersion = "Xcode 9.3";
			developmentRegion = en;
			hasScannedForEncodings = 0;
			knownRegions = (
				en,
				Base,
			);
			mainGroup = ECE60F9020A02F0400289779;
			productRefGroup = ECE60F9A20A02F0400289779 /* Products */;
			projectDirPath = "";
			projectRoot = "";
			targets = (
				ECE60F9820A02F0400289779 /* Running */,
				ECE60FB020A02F0600289779 /* RunningTests */,
				ECE60FBB20A02F0600289779 /* RunningUITests */,
			);
		};
/* End PBXProject section */

/* Begin PBXResourcesBuildPhase section */
		ECE60F9720A02F0400289779 /* Resources */ = {
			isa = PBXResourcesBuildPhase;
			buildActionMask = 2147483647;
			files = (
				ECE60FA920A02F0600289779 /* LaunchScreen.storyboard in Resources */,
				EC14BC0120A418CE0012D615 /* runback.png in Resources */,
				EC14BC0720A42BA50012D615 /* happy.png in Resources */,
				EC14BC0620A42BA50012D615 /* happyp.png in Resources */,
				EC14BC0520A42BA50012D615 /* failure.png in Resources */,
				ECE60FA620A02F0600289779 /* Assets.xcassets in Resources */,
			);
			runOnlyForDeploymentPostprocessing = 0;
		};
		ECE60FAF20A02F0600289779 /* Resources */ = {
			isa = PBXResourcesBuildPhase;
			buildActionMask = 2147483647;
			files = (
			);
			runOnlyForDeploymentPostprocessing = 0;
		};
		ECE60FBA20A02F0600289779 /* Resources */ = {
			isa = PBXResourcesBuildPhase;
			buildActionMask = 2147483647;
			files = (
			);
			runOnlyForDeploymentPostprocessing = 0;
		};
/* End PBXResourcesBuildPhase section */

/* Begin PBXShellScriptBuildPhase section */
		185C60C3900B577EC84AF536 /* [CP] Check Pods Manifest.lock */ = {
			isa = PBXShellScriptBuildPhase;
			buildActionMask = 2147483647;
			files = (
			);
			inputPaths = (
				"${PODS_PODFILE_DIR_PATH}/Podfile.lock",
				"${PODS_ROOT}/Manifest.lock",
			);
			name = "[CP] Check Pods Manifest.lock";
			outputPaths = (
				"$(DERIVED_FILE_DIR)/Pods-Running-checkManifestLockResult.txt",
			);
			runOnlyForDeploymentPostprocessing = 0;
			shellPath = /bin/sh;
			shellScript = "diff \"${PODS_PODFILE_DIR_PATH}/Podfile.lock\" \"${PODS_ROOT}/Manifest.lock\" > /dev/null\nif [ $? != 0 ] ; then\n    # print error to STDERR\n    echo \"error: The sandbox is not in sync with the Podfile.lock. Run 'pod install' or update your CocoaPods installation.\" >&2\n    exit 1\nfi\n# This output is used by Xcode 'outputs' to avoid re-running this script phase.\necho \"SUCCESS\" > \"${SCRIPT_OUTPUT_FILE_0}\"\n";
			showEnvVarsInLog = 0;
		};
/* End PBXShellScriptBuildPhase section */

/* Begin PBXSourcesBuildPhase section */
		ECE60F9520A02F0400289779 /* Sources */ = {
			isa = PBXSourcesBuildPhase;
			buildActionMask = 2147483647;
			files = (
				ECF49EAD20A1776A00E33A19 /* MyTextFiledView.m in Sources */,
				ECF49E9320A13A3600E33A19 /* UIImage+Extension.m in Sources */,
				EC14BBFB20A3E7D10012D615 /* XYMenuView.m in Sources */,
				ECE60FAC20A02F0600289779 /* main.m in Sources */,
				EC1D9FBC20A2F6A5004219DD /* HealthDetailsViewController.m in Sources */,
				ECF49E9720A13A5D00E33A19 /* SportViewController.m in Sources */,
				EC14BBEC20A3D6D80012D615 /* HistoryOneDayView.m in Sources */,
				ECF49E9420A13A3600E33A19 /* UIView+Extension.m in Sources */,
				ECF49EB020A17B7100E33A19 /* CustomMyPickerView.m in Sources */,
				EC1D9FB120A2DF9C004219DD /* DateManager.swift in Sources */,
				EC1D9FA220A2814E004219DD /* HealthKitManager.m in Sources */,
				EC14BBF920A3E7D10012D615 /* UIBarButtonItem+XYMenu.m in Sources */,
				ECE60F9E20A02F0400289779 /* AppDelegate.m in Sources */,
				EC1D9FA820A28254004219DD /* HKHealthStore+Extensisons.m in Sources */,
				EC1D9FB820A2E4BF004219DD /* HistoryTableViewCell.m in Sources */,
				ECF49EA720A13E2000E33A19 /* ArcProgress.m in Sources */,
				EC1D9FAF20A2C6D2004219DD /* HealthModel.m in Sources */,
				EC14BBF820A3E7D10012D615 /* XYMenuItem.m in Sources */,
				EC14BBFC20A3E7D10012D615 /* UIView+XYMenu.m in Sources */,
				EC14BBFA20A3E7D10012D615 /* XYMenu.m in Sources */,
				ECF49E9A20A13A6E00E33A19 /* HistoryViewController.m in Sources */,
				ECF49EA320A13A9100E33A19 /* GuidePageViewController.m in Sources */,
				ECF49EA420A13A9100E33A19 /* TabBarViewController.m in Sources */,
				EC1D9FAC20A2C4B2004219DD /* FMDBManager.m in Sources */,
				ECF49EB720A1900D00E33A19 /* BottomView.m in Sources */,
				ECF49EB420A188D900E33A19 /* MyUserDefaults.m in Sources */,
				ECF49EA220A13A9100E33A19 /* MyNavgationViewController.m in Sources */,
			);
			runOnlyForDeploymentPostprocessing = 0;
		};
		ECE60FAD20A02F0600289779 /* Sources */ = {
			isa = PBXSourcesBuildPhase;
			buildActionMask = 2147483647;
			files = (
				ECE60FB620A02F0600289779 /* RunningTests.m in Sources */,
			);
			runOnlyForDeploymentPostprocessing = 0;
		};
		ECE60FB820A02F0600289779 /* Sources */ = {
			isa = PBXSourcesBuildPhase;
			buildActionMask = 2147483647;
			files = (
				ECE60FC120A02F0600289779 /* RunningUITests.m in Sources */,
			);
			runOnlyForDeploymentPostprocessing = 0;
		};
/* End PBXSourcesBuildPhase section */

/* Begin PBXTargetDependency section */
		ECE60FB320A02F0600289779 /* PBXTargetDependency */ = {
			isa = PBXTargetDependency;
			target = ECE60F9820A02F0400289779 /* Running */;
			targetProxy = ECE60FB220A02F0600289779 /* PBXContainerItemProxy */;
		};
		ECE60FBE20A02F0600289779 /* PBXTargetDependency */ = {
			isa = PBXTargetDependency;
			target = ECE60F9820A02F0400289779 /* Running */;
			targetProxy = ECE60FBD20A02F0600289779 /* PBXContainerItemProxy */;
		};
/* End PBXTargetDependency section */

/* Begin PBXVariantGroup section */
		ECE60FA720A02F0600289779 /* LaunchScreen.storyboard */ = {
			isa = PBXVariantGroup;
			children = (
				ECE60FA820A02F0600289779 /* Base */,
			);
			name = LaunchScreen.storyboard;
			sourceTree = "<group>";
		};
/* End PBXVariantGroup section */

/* Begin XCBuildConfiguration section */
		ECE60FC320A02F0600289779 /* Debug */ = {
			isa = XCBuildConfiguration;
			buildSettings = {
				ALWAYS_SEARCH_USER_PATHS = NO;
				CLANG_ANALYZER_NONNULL = YES;
				CLANG_ANALYZER_NUMBER_OBJECT_CONVERSION = YES_AGGRESSIVE;
				CLANG_CXX_LANGUAGE_STANDARD = "gnu++14";
				CLANG_CXX_LIBRARY = "libc++";
				CLANG_ENABLE_MODULES = YES;
				CLANG_ENABLE_OBJC_ARC = YES;
				CLANG_ENABLE_OBJC_WEAK = YES;
				CLANG_WARN_BLOCK_CAPTURE_AUTORELEASING = YES;
				CLANG_WARN_BOOL_CONVERSION = YES;
				CLANG_WARN_COMMA = YES;
				CLANG_WARN_CONSTANT_CONVERSION = YES;
				CLANG_WARN_DEPRECATED_OBJC_IMPLEMENTATIONS = YES;
				CLANG_WARN_DIRECT_OBJC_ISA_USAGE = YES_ERROR;
				CLANG_WARN_DOCUMENTATION_COMMENTS = YES;
				CLANG_WARN_EMPTY_BODY = YES;
				CLANG_WARN_ENUM_CONVERSION = YES;
				CLANG_WARN_INFINITE_RECURSION = YES;
				CLANG_WARN_INT_CONVERSION = YES;
				CLANG_WARN_NON_LITERAL_NULL_CONVERSION = YES;
				CLANG_WARN_OBJC_IMPLICIT_RETAIN_SELF = YES;
				CLANG_WARN_OBJC_LITERAL_CONVERSION = YES;
				CLANG_WARN_OBJC_ROOT_CLASS = YES_ERROR;
				CLANG_WARN_RANGE_LOOP_ANALYSIS = YES;
				CLANG_WARN_STRICT_PROTOTYPES = YES;
				CLANG_WARN_SUSPICIOUS_MOVE = YES;
				CLANG_WARN_UNGUARDED_AVAILABILITY = YES_AGGRESSIVE;
				CLANG_WARN_UNREACHABLE_CODE = YES;
				CLANG_WARN__DUPLICATE_METHOD_MATCH = YES;
				CODE_SIGN_IDENTITY = "iPhone Developer";
				COPY_PHASE_STRIP = NO;
				DEBUG_INFORMATION_FORMAT = dwarf;
				ENABLE_STRICT_OBJC_MSGSEND = YES;
				ENABLE_TESTABILITY = YES;
				GCC_C_LANGUAGE_STANDARD = gnu11;
				GCC_DYNAMIC_NO_PIC = NO;
				GCC_NO_COMMON_BLOCKS = YES;
				GCC_OPTIMIZATION_LEVEL = 0;
				GCC_PREPROCESSOR_DEFINITIONS = (
					"DEBUG=1",
					"$(inherited)",
				);
				GCC_WARN_64_TO_32_BIT_CONVERSION = YES;
				GCC_WARN_ABOUT_RETURN_TYPE = YES_ERROR;
				GCC_WARN_UNDECLARED_SELECTOR = YES;
				GCC_WARN_UNINITIALIZED_AUTOS = YES_AGGRESSIVE;
				GCC_WARN_UNUSED_FUNCTION = YES;
				GCC_WARN_UNUSED_VARIABLE = YES;
				IPHONEOS_DEPLOYMENT_TARGET = 11.3;
				MTL_ENABLE_DEBUG_INFO = YES;
				ONLY_ACTIVE_ARCH = YES;
				SDKROOT = iphoneos;
			};
			name = Debug;
		};
		ECE60FC420A02F0600289779 /* Release */ = {
			isa = XCBuildConfiguration;
			buildSettings = {
				ALWAYS_SEARCH_USER_PATHS = NO;
				CLANG_ANALYZER_NONNULL = YES;
				CLANG_ANALYZER_NUMBER_OBJECT_CONVERSION = YES_AGGRESSIVE;
				CLANG_CXX_LANGUAGE_STANDARD = "gnu++14";
				CLANG_CXX_LIBRARY = "libc++";
				CLANG_ENABLE_MODULES = YES;
				CLANG_ENABLE_OBJC_ARC = YES;
				CLANG_ENABLE_OBJC_WEAK = YES;
				CLANG_WARN_BLOCK_CAPTURE_AUTORELEASING = YES;
				CLANG_WARN_BOOL_CONVERSION = YES;
				CLANG_WARN_COMMA = YES;
				CLANG_WARN_CONSTANT_CONVERSION = YES;
				CLANG_WARN_DEPRECATED_OBJC_IMPLEMENTATIONS = YES;
				CLANG_WARN_DIRECT_OBJC_ISA_USAGE = YES_ERROR;
				CLANG_WARN_DOCUMENTATION_COMMENTS = YES;
				CLANG_WARN_EMPTY_BODY = YES;
				CLANG_WARN_ENUM_CONVERSION = YES;
				CLANG_WARN_INFINITE_RECURSION = YES;
				CLANG_WARN_INT_CONVERSION = YES;
				CLANG_WARN_NON_LITERAL_NULL_CONVERSION = YES;
				CLANG_WARN_OBJC_IMPLICIT_RETAIN_SELF = YES;
				CLANG_WARN_OBJC_LITERAL_CONVERSION = YES;
				CLANG_WARN_OBJC_ROOT_CLASS = YES_ERROR;
				CLANG_WARN_RANGE_LOOP_ANALYSIS = YES;
				CLANG_WARN_STRICT_PROTOTYPES = YES;
				CLANG_WARN_SUSPICIOUS_MOVE = YES;
				CLANG_WARN_UNGUARDED_AVAILABILITY = YES_AGGRESSIVE;
				CLANG_WARN_UNREACHABLE_CODE = YES;
				CLANG_WARN__DUPLICATE_METHOD_MATCH = YES;
				CODE_SIGN_IDENTITY = "iPhone Developer";
				COPY_PHASE_STRIP = NO;
				DEBUG_INFORMATION_FORMAT = "dwarf-with-dsym";
				ENABLE_NS_ASSERTIONS = NO;
				ENABLE_STRICT_OBJC_MSGSEND = YES;
				GCC_C_LANGUAGE_STANDARD = gnu11;
				GCC_NO_COMMON_BLOCKS = YES;
				GCC_WARN_64_TO_32_BIT_CONVERSION = YES;
				GCC_WARN_ABOUT_RETURN_TYPE = YES_ERROR;
				GCC_WARN_UNDECLARED_SELECTOR = YES;
				GCC_WARN_UNINITIALIZED_AUTOS = YES_AGGRESSIVE;
				GCC_WARN_UNUSED_FUNCTION = YES;
				GCC_WARN_UNUSED_VARIABLE = YES;
				IPHONEOS_DEPLOYMENT_TARGET = 11.3;
				MTL_ENABLE_DEBUG_INFO = NO;
				SDKROOT = iphoneos;
				VALIDATE_PRODUCT = YES;
			};
			name = Release;
		};
		ECE60FC620A02F0600289779 /* Debug */ = {
			isa = XCBuildConfiguration;
			baseConfigurationReference = 279A3C50D1B4381AD2EE95B7 /* Pods-Running.debug.xcconfig */;
			buildSettings = {
				ASSETCATALOG_COMPILER_APPICON_NAME = AppIcon;
				CLANG_ENABLE_MODULES = YES;
				CODE_SIGN_ENTITLEMENTS = Running/Running.entitlements;
				CODE_SIGN_STYLE = Automatic;
				DEFINES_MODULE = YES;
				DEVELOPMENT_TEAM = E2BBNGE4QY;
				ENABLE_ON_DEMAND_RESOURCES = YES;
				GCC_PRECOMPILE_PREFIX_HEADER = YES;
				GCC_PREFIX_HEADER = "$(SRCROOT)/Running/PrefixHeader.pch";
				INFOPLIST_FILE = Running/Info.plist;
				LD_RUNPATH_SEARCH_PATHS = (
					"$(inherited)",
					"@executable_path/Frameworks",
				);
				PRODUCT_BUNDLE_IDENTIFIER = "mr-li.Running";
				PRODUCT_NAME = "$(TARGET_NAME)";
				SWIFT_OBJC_BRIDGING_HEADER = "Running/Global/Running-Bridging-Header.h";
				SWIFT_OPTIMIZATION_LEVEL = "-Onone";
				SWIFT_VERSION = 3.0;
				TARGETED_DEVICE_FAMILY = "1,2";
			};
			name = Debug;
		};
		ECE60FC720A02F0600289779 /* Release */ = {
			isa = XCBuildConfiguration;
			baseConfigurationReference = E352200FF87E398D96229911 /* Pods-Running.release.xcconfig */;
			buildSettings = {
				ASSETCATALOG_COMPILER_APPICON_NAME = AppIcon;
				CLANG_ENABLE_MODULES = YES;
				CODE_SIGN_ENTITLEMENTS = Running/Running.entitlements;
				CODE_SIGN_STYLE = Automatic;
				DEFINES_MODULE = YES;
				DEVELOPMENT_TEAM = E2BBNGE4QY;
				ENABLE_ON_DEMAND_RESOURCES = YES;
				GCC_PRECOMPILE_PREFIX_HEADER = YES;
				GCC_PREFIX_HEADER = "$(SRCROOT)/Running/PrefixHeader.pch";
				INFOPLIST_FILE = Running/Info.plist;
				LD_RUNPATH_SEARCH_PATHS = (
					"$(inherited)",
					"@executable_path/Frameworks",
				);
				PRODUCT_BUNDLE_IDENTIFIER = "mr-li.Running";
				PRODUCT_NAME = "$(TARGET_NAME)";
				SWIFT_OBJC_BRIDGING_HEADER = "Running/Global/Running-Bridging-Header.h";
				SWIFT_VERSION = 3.0;
				TARGETED_DEVICE_FAMILY = "1,2";
			};
			name = Release;
		};
		ECE60FC920A02F0600289779 /* Debug */ = {
			isa = XCBuildConfiguration;
			buildSettings = {
				ALWAYS_EMBED_SWIFT_STANDARD_LIBRARIES = YES;
				BUNDLE_LOADER = "$(TEST_HOST)";
				CODE_SIGN_STYLE = Automatic;
				INFOPLIST_FILE = RunningTests/Info.plist;
				LD_RUNPATH_SEARCH_PATHS = (
					"$(inherited)",
					"@executable_path/Frameworks",
					"@loader_path/Frameworks",
				);
				PRODUCT_BUNDLE_IDENTIFIER = "mr-li.RunningTests";
				PRODUCT_NAME = "$(TARGET_NAME)";
				TARGETED_DEVICE_FAMILY = "1,2";
				TEST_HOST = "$(BUILT_PRODUCTS_DIR)/Running.app/Running";
			};
			name = Debug;
		};
		ECE60FCA20A02F0600289779 /* Release */ = {
			isa = XCBuildConfiguration;
			buildSettings = {
				ALWAYS_EMBED_SWIFT_STANDARD_LIBRARIES = YES;
				BUNDLE_LOADER = "$(TEST_HOST)";
				CODE_SIGN_STYLE = Automatic;
				INFOPLIST_FILE = RunningTests/Info.plist;
				LD_RUNPATH_SEARCH_PATHS = (
					"$(inherited)",
					"@executable_path/Frameworks",
					"@loader_path/Frameworks",
				);
				PRODUCT_BUNDLE_IDENTIFIER = "mr-li.RunningTests";
				PRODUCT_NAME = "$(TARGET_NAME)";
				TARGETED_DEVICE_FAMILY = "1,2";
				TEST_HOST = "$(BUILT_PRODUCTS_DIR)/Running.app/Running";
			};
			name = Release;
		};
		ECE60FCC20A02F0600289779 /* Debug */ = {
			isa = XCBuildConfiguration;
			buildSettings = {
				ALWAYS_EMBED_SWIFT_STANDARD_LIBRARIES = YES;
				CODE_SIGN_STYLE = Automatic;
				INFOPLIST_FILE = RunningUITests/Info.plist;
				LD_RUNPATH_SEARCH_PATHS = (
					"$(inherited)",
					"@executable_path/Frameworks",
					"@loader_path/Frameworks",
				);
				PRODUCT_BUNDLE_IDENTIFIER = "mr-li.RunningUITests";
				PRODUCT_NAME = "$(TARGET_NAME)";
				TARGETED_DEVICE_FAMILY = "1,2";
				TEST_TARGET_NAME = Running;
			};
			name = Debug;
		};
		ECE60FCD20A02F0600289779 /* Release */ = {
			isa = XCBuildConfiguration;
			buildSettings = {
				ALWAYS_EMBED_SWIFT_STANDARD_LIBRARIES = YES;
				CODE_SIGN_STYLE = Automatic;
				INFOPLIST_FILE = RunningUITests/Info.plist;
				LD_RUNPATH_SEARCH_PATHS = (
					"$(inherited)",
					"@executable_path/Frameworks",
					"@loader_path/Frameworks",
				);
				PRODUCT_BUNDLE_IDENTIFIER = "mr-li.RunningUITests";
				PRODUCT_NAME = "$(TARGET_NAME)";
				TARGETED_DEVICE_FAMILY = "1,2";
				TEST_TARGET_NAME = Running;
			};
			name = Release;
		};
/* End XCBuildConfiguration section */

/* Begin XCConfigurationList section */
		ECE60F9420A02F0400289779 /* Build configuration list for PBXProject "Running" */ = {
			isa = XCConfigurationList;
			buildConfigurations = (
				ECE60FC320A02F0600289779 /* Debug */,
				ECE60FC420A02F0600289779 /* Release */,
			);
			defaultConfigurationIsVisible = 0;
			defaultConfigurationName = Release;
		};
		ECE60FC520A02F0600289779 /* Build configuration list for PBXNativeTarget "Running" */ = {
			isa = XCConfigurationList;
			buildConfigurations = (
				ECE60FC620A02F0600289779 /* Debug */,
				ECE60FC720A02F0600289779 /* Release */,
			);
			defaultConfigurationIsVisible = 0;
			defaultConfigurationName = Release;
		};
		ECE60FC820A02F0600289779 /* Build configuration list for PBXNativeTarget "RunningTests" */ = {
			isa = XCConfigurationList;
			buildConfigurations = (
				ECE60FC920A02F0600289779 /* Debug */,
				ECE60FCA20A02F0600289779 /* Release */,
			);
			defaultConfigurationIsVisible = 0;
			defaultConfigurationName = Release;
		};
		ECE60FCB20A02F0600289779 /* Build configuration list for PBXNativeTarget "RunningUITests" */ = {
			isa = XCConfigurationList;
			buildConfigurations = (
				ECE60FCC20A02F0600289779 /* Debug */,
				ECE60FCD20A02F0600289779 /* Release */,
			);
			defaultConfigurationIsVisible = 0;
			defaultConfigurationName = Release;
		};
/* End XCConfigurationList section */
	};
	rootObject = ECE60F9120A02F0400289779 /* Project object */;
}
